
Microsoft Visual Studio Solution File, Format Version 12.00
# Visual Studio Version 17
VisualStudioVersion = 17.0.31903.59
MinimumVisualStudioVersion = 10.0.40219.1
Project("{FAE04EC0-301F-11D3-BF4B-00C04F79EFBC}") = "task01", "task01\task01.csproj", "{2B3B99DF-D46A-4C7A-9F15-FF15AB7FEEE2}"
EndProject
Project("{FAE04EC0-301F-11D3-BF4B-00C04F79EFBC}") = "task01tests", "task01tests\task01tests.csproj", "{A22B5BC1-4A33-474F-8012-80C07BD3D20C}"
EndProject
Global
	GlobalSection(SolutionConfigurationPlatforms) = preSolution
		Debug|Any CPU = Debug|Any CPU
		Release|Any CPU = Release|Any CPU
	EndGlobalSection
	GlobalSection(SolutionProperties) = preSolution
		HideSolutionNode = FALSE
	EndGlobalSection
	GlobalSection(ProjectConfigurationPlatforms) = postSolution
		{2B3B99DF-D46A-4C7A-9F15-FF15AB7FEEE2}.Debug|Any CPU.ActiveCfg = Debug|Any CPU
		{2B3B99DF-D46A-4C7A-9F15-FF15AB7FEEE2}.Debug|Any CPU.Build.0 = Debug|Any CPU
		{2B3B99DF-D46A-4C7A-9F15-FF15AB7FEEE2}.Release|Any CPU.ActiveCfg = Release|Any CPU
		{2B3B99DF-D46A-4C7A-9F15-FF15AB7FEEE2}.Release|Any CPU.Build.0 = Release|Any CPU
		{A22B5BC1-4A33-474F-8012-80C07BD3D20C}.Debug|Any CPU.ActiveCfg = Debug|Any CPU
		{A22B5BC1-4A33-474F-8012-80C07BD3D20C}.Debug|Any CPU.Build.0 = Debug|Any CPU
		{A22B5BC1-4A33-474F-8012-80C07BD3D20C}.Release|Any CPU.ActiveCfg = Release|Any CPU
		{A22B5BC1-4A33-474F-8012-80C07BD3D20C}.Release|Any CPU.Build.0 = Release|Any CPU
	EndGlobalSection
EndGlobal
