
Microsoft Visual Studio Solution File, Format Version 12.00
# Visual Studio Version 17
VisualStudioVersion = 17.0.31903.59
MinimumVisualStudioVersion = 10.0.40219.1
Project("{FAE04EC0-301F-11D3-BF4B-00C04F79EFBC}") = "task04", "task04\task04.csproj", "{8726E42F-3531-49E3-9144-2B58306E9AC3}"
EndProject
Project("{FAE04EC0-301F-11D3-BF4B-00C04F79EFBC}") = "task04tests", "task04tests\task04tests.csproj", "{54A41B30-E654-48F2-84B9-E43B6518DD01}"
EndProject
Global
	GlobalSection(SolutionConfigurationPlatforms) = preSolution
		Debug|Any CPU = Debug|Any CPU
		Release|Any CPU = Release|Any CPU
	EndGlobalSection
	GlobalSection(SolutionProperties) = preSolution
		HideSolutionNode = FALSE
	EndGlobalSection
	GlobalSection(ProjectConfigurationPlatforms) = postSolution
		{8726E42F-3531-49E3-9144-2B58306E9AC3}.Debug|Any CPU.ActiveCfg = Debug|Any CPU
		{8726E42F-3531-49E3-9144-2B58306E9AC3}.Debug|Any CPU.Build.0 = Debug|Any CPU
		{8726E42F-3531-49E3-9144-2B58306E9AC3}.Release|Any CPU.ActiveCfg = Release|Any CPU
		{8726E42F-3531-49E3-9144-2B58306E9AC3}.Release|Any CPU.Build.0 = Release|Any CPU
		{54A41B30-E654-48F2-84B9-E43B6518DD01}.Debug|Any CPU.ActiveCfg = Debug|Any CPU
		{54A41B30-E654-48F2-84B9-E43B6518DD01}.Debug|Any CPU.Build.0 = Debug|Any CPU
		{54A41B30-E654-48F2-84B9-E43B6518DD01}.Release|Any CPU.ActiveCfg = Release|Any CPU
		{54A41B30-E654-48F2-84B9-E43B6518DD01}.Release|Any CPU.Build.0 = Release|Any CPU
	EndGlobalSection
EndGlobal
